using System;
using System.Collections.Generic;
using System.Linq;
using System.Text;
using System.Threading.Tasks;

namespace Remove__Element
{
    internal class Program
    {
        static void Main(string[] args)
        {
            //we target remove 3 element
            int[] nums = { 3, 2, 2, 3 };
            int sum = 0;
            for (int i = 0; i < nums.Length; i++)
            {
                if (nums[i] == 3)
                {
                    Console.Write("_");
                    sum++;
                }
                else
                {
                    Console.Write("," + nums[i]);
                }
            }

        }
    }
}
    

